
Microsoft Visual Studio Solution File, Format Version 12.00
# Visual Studio 15
VisualStudioVersion = 15.0.27130.2027
MinimumVisualStudioVersion = 10.0.40219.1
Project("{FAE04EC0-301F-11D3-BF4B-00C04F79EFBC}") = "FunctionAppAzureAD", "FunctionAppAzureAD\FunctionAppAzureAD.csproj", "{246D5AEB-0575-4834-B6D1-6CDEF51A0E5C}"
EndProject
Global
	GlobalSection(SolutionConfigurationPlatforms) = preSolution
		Debug|Any CPU = Debug|Any CPU
		Release|Any CPU = Release|Any CPU
	EndGlobalSection
	GlobalSection(ProjectConfigurationPlatforms) = postSolution
		{246D5AEB-0575-4834-B6D1-6CDEF51A0E5C}.Debug|Any CPU.ActiveCfg = Debug|Any CPU
		{246D5AEB-0575-4834-B6D1-6CDEF51A0E5C}.Debug|Any CPU.Build.0 = Debug|Any CPU
		{246D5AEB-0575-4834-B6D1-6CDEF51A0E5C}.Release|Any CPU.ActiveCfg = Release|Any CPU
		{246D5AEB-0575-4834-B6D1-6CDEF51A0E5C}.Release|Any CPU.Build.0 = Release|Any CPU
	EndGlobalSection
	GlobalSection(SolutionProperties) = preSolution
		HideSolutionNode = FALSE
	EndGlobalSection
	GlobalSection(ExtensibilityGlobals) = postSolution
		SolutionGuid = {DAEB63BD-EC9F-4491-9698-9AE98E159D25}
	EndGlobalSection
EndGlobal
